
Microsoft Visual Studio Solution File, Format Version 12.00
# Visual Studio 14
VisualStudioVersion = 14.0.25420.1
MinimumVisualStudioVersion = 10.0.40219.1
Project("{FAE04EC0-301F-11D3-BF4B-00C04F79EFBC}") = "FooLib", "FooLib\FooLib.csproj", "{277943EA-9B18-444A-A240-3BC166A43697}"
EndProject
Project("{FAE04EC0-301F-11D3-BF4B-00C04F79EFBC}") = "FooLib.Tests", "FooLib.Tests\FooLib.Tests.csproj", "{AFD7365E-D61D-4188-803C-6E11E866E405}"
EndProject
Project("{2150E333-8FDC-42A3-9474-1A3956D46DE8}") = "Solution Items", "Solution Items", "{B2BC9E9C-419D-4087-B36E-4D7E0B1D8BAC}"
	ProjectSection(SolutionItems) = preProject
		appveyor.yml = appveyor.yml
		Prepare-TestEnvironment.ps1 = Prepare-TestEnvironment.ps1
		README.md = README.md
		Scripts.psm1 = Scripts.psm1
		Set-Version.ps1 = Set-Version.ps1
		Update-VersionPostDeploy.ps1 = Update-VersionPostDeploy.ps1
	EndProjectSection
EndProject
Project("{2150E333-8FDC-42A3-9474-1A3956D46DE8}") = "NuGet", "NuGet", "{51BBFBA2-02A1-4E2D-85B5-2C19A0FC696A}"
	ProjectSection(SolutionItems) = preProject
		NuGet\FooLib.nuspec = NuGet\FooLib.nuspec
		NuGet\Pack.ps1 = NuGet\Pack.ps1
	EndProjectSection
EndProject
Global
	GlobalSection(SolutionConfigurationPlatforms) = preSolution
		Debug|Any CPU = Debug|Any CPU
		Release|Any CPU = Release|Any CPU
	EndGlobalSection
	GlobalSection(ProjectConfigurationPlatforms) = postSolution
		{277943EA-9B18-444A-A240-3BC166A43697}.Debug|Any CPU.ActiveCfg = Debug|Any CPU
		{277943EA-9B18-444A-A240-3BC166A43697}.Debug|Any CPU.Build.0 = Debug|Any CPU
		{277943EA-9B18-444A-A240-3BC166A43697}.Release|Any CPU.ActiveCfg = Release|Any CPU
		{277943EA-9B18-444A-A240-3BC166A43697}.Release|Any CPU.Build.0 = Release|Any CPU
		{AFD7365E-D61D-4188-803C-6E11E866E405}.Debug|Any CPU.ActiveCfg = Debug|Any CPU
		{AFD7365E-D61D-4188-803C-6E11E866E405}.Debug|Any CPU.Build.0 = Debug|Any CPU
		{AFD7365E-D61D-4188-803C-6E11E866E405}.Release|Any CPU.ActiveCfg = Release|Any CPU
		{AFD7365E-D61D-4188-803C-6E11E866E405}.Release|Any CPU.Build.0 = Release|Any CPU
	EndGlobalSection
	GlobalSection(SolutionProperties) = preSolution
		HideSolutionNode = FALSE
	EndGlobalSection
EndGlobal
